
Microsoft Visual Studio Solution File, Format Version 12.00
# Visual Studio Version 16
VisualStudioVersion = 16.0.32228.343
MinimumVisualStudioVersion = 10.0.40219.1
Project("{FAE04EC0-301F-11D3-BF4B-00C04F79EFBC}") = "rock-paper-scissors", "rock-paper-scissors.csproj", "{2824C18E-8E22-4428-92C3-B2FDC3DB67C8}"
EndProject
Global
	GlobalSection(SolutionConfigurationPlatforms) = preSolution
		Debug|Any CPU = Debug|Any CPU
		Release|Any CPU = Release|Any CPU
	EndGlobalSection
	GlobalSection(ProjectConfigurationPlatforms) = postSolution
		{2824C18E-8E22-4428-92C3-B2FDC3DB67C8}.Debug|Any CPU.ActiveCfg = Debug|Any CPU
		{2824C18E-8E22-4428-92C3-B2FDC3DB67C8}.Debug|Any CPU.Build.0 = Debug|Any CPU
		{2824C18E-8E22-4428-92C3-B2FDC3DB67C8}.Release|Any CPU.ActiveCfg = Release|Any CPU
		{2824C18E-8E22-4428-92C3-B2FDC3DB67C8}.Release|Any CPU.Build.0 = Release|Any CPU
	EndGlobalSection
	GlobalSection(SolutionProperties) = preSolution
		HideSolutionNode = FALSE
	EndGlobalSection
	GlobalSection(ExtensibilityGlobals) = postSolution
		SolutionGuid = {EE08FEC7-7F4B-493A-AAA8-5FED76780F62}
	EndGlobalSection
EndGlobal
